// !$*UTF8*$!
{
	archiveVersion = 1;
	classes = {
	};
	objectVersion = 55;
	objects = {

/* Begin PBXBuildFile section */
		6F8F69CC28B60EDD003851BB /* DetailViewController.swift in Sources */ = {isa = PBXBuildFile; fileRef = 6F8F69CB28B60EDD003851BB /* DetailViewController.swift */; };
		6F8F69D428B61BA8003851BB /* ToDoCell.swift in Sources */ = {isa = PBXBuildFile; fileRef = 6F8F69D328B61BA8003851BB /* ToDoCell.swift */; };
		6FFB1B7928B45F16003BE9F8 /* AppDelegate.swift in Sources */ = {isa = PBXBuildFile; fileRef = 6FFB1B7828B45F16003BE9F8 /* AppDelegate.swift */; };
		6FFB1B7B28B45F16003BE9F8 /* SceneDelegate.swift in Sources */ = {isa = PBXBuildFile; fileRef = 6FFB1B7A28B45F16003BE9F8 /* SceneDelegate.swift */; };
		6FFB1B7D28B45F16003BE9F8 /* MainViewController.swift in Sources */ = {isa = PBXBuildFile; fileRef = 6FFB1B7C28B45F16003BE9F8 /* MainViewController.swift */; };
		6FFB1B8028B45F16003BE9F8 /* Main.storyboard in Resources */ = {isa = PBXBuildFile; fileRef = 6FFB1B7E28B45F16003BE9F8 /* Main.storyboard */; };
		6FFB1B8328B45F16003BE9F8 /* ToDoApp.xcdatamodeld in Sources */ = {isa = PBXBuildFile; fileRef = 6FFB1B8128B45F16003BE9F8 /* ToDoApp.xcdatamodeld */; };
		6FFB1B8528B45F18003BE9F8 /* Assets.xcassets in Resources */ = {isa = PBXBuildFile; fileRef = 6FFB1B8428B45F18003BE9F8 /* Assets.xcassets */; };
		6FFB1B8828B45F18003BE9F8 /* LaunchScreen.storyboard in Resources */ = {isa = PBXBuildFile; fileRef = 6FFB1B8628B45F18003BE9F8 /* LaunchScreen.storyboard */; };
		6FFB1B9128B4603B003BE9F8 /* MemoData+CoreDataClass.swift in Sources */ = {isa = PBXBuildFile; fileRef = 6FFB1B8F28B4603B003BE9F8 /* MemoData+CoreDataClass.swift */; };
		6FFB1B9228B4603B003BE9F8 /* MemoData+CoreDataProperties.swift in Sources */ = {isa = PBXBuildFile; fileRef = 6FFB1B9028B4603B003BE9F8 /* MemoData+CoreDataProperties.swift */; };
		6FFB1B9728B46873003BE9F8 /* CoreDataManager.swift in Sources */ = {isa = PBXBuildFile; fileRef = 6FFB1B9628B46873003BE9F8 /* CoreDataManager.swift */; };
/* End PBXBuildFile section */

/* Begin PBXFileReference section */
		6F8F69CB28B60EDD003851BB /* DetailViewController.swift */ = {isa = PBXFileReference; lastKnownFileType = sourcecode.swift; path = DetailViewController.swift; sourceTree = "<group>"; };
		6F8F69D328B61BA8003851BB /* ToDoCell.swift */ = {isa = PBXFileReference; lastKnownFileType = sourcecode.swift; path = ToDoCell.swift; sourceTree = "<group>"; };
		6FFB1B7528B45F16003BE9F8 /* ToDoApp.app */ = {isa = PBXFileReference; explicitFileType = wrapper.application; includeInIndex = 0; path = ToDoApp.app; sourceTree = BUILT_PRODUCTS_DIR; };
		6FFB1B7828B45F16003BE9F8 /* AppDelegate.swift */ = {isa = PBXFileReference; lastKnownFileType = sourcecode.swift; path = AppDelegate.swift; sourceTree = "<group>"; };
		6FFB1B7A28B45F16003BE9F8 /* SceneDelegate.swift */ = {isa = PBXFileReference; lastKnownFileType = sourcecode.swift; path = SceneDelegate.swift; sourceTree = "<group>"; };
		6FFB1B7C28B45F16003BE9F8 /* MainViewController.swift */ = {isa = PBXFileReference; lastKnownFileType = sourcecode.swift; path = MainViewController.swift; sourceTree = "<group>"; };
		6FFB1B7F28B45F16003BE9F8 /* Base */ = {isa = PBXFileReference; lastKnownFileType = file.storyboard; name = Base; path = Base.lproj/Main.storyboard; sourceTree = "<group>"; };
		6FFB1B8228B45F16003BE9F8 /* ToDoApp.xcdatamodel */ = {isa = PBXFileReference; lastKnownFileType = wrapper.xcdatamodel; path = ToDoApp.xcdatamodel; sourceTree = "<group>"; };
		6FFB1B8428B45F18003BE9F8 /* Assets.xcassets */ = {isa = PBXFileReference; lastKnownFileType = folder.assetcatalog; path = Assets.xcassets; sourceTree = "<group>"; };
		6FFB1B8728B45F18003BE9F8 /* Base */ = {isa = PBXFileReference; lastKnownFileType = file.storyboard; name = Base; path = Base.lproj/LaunchScreen.storyboard; sourceTree = "<group>"; };
		6FFB1B8928B45F18003BE9F8 /* Info.plist */ = {isa = PBXFileReference; lastKnownFileType = text.plist.xml; path = Info.plist; sourceTree = "<group>"; };
		6FFB1B8F28B4603B003BE9F8 /* MemoData+CoreDataClass.swift */ = {isa = PBXFileReference; lastKnownFileType = sourcecode.swift; path = "MemoData+CoreDataClass.swift"; sourceTree = "<group>"; };
		6FFB1B9028B4603B003BE9F8 /* MemoData+CoreDataProperties.swift */ = {isa = PBXFileReference; lastKnownFileType = sourcecode.swift; path = "MemoData+CoreDataProperties.swift"; sourceTree = "<group>"; };
		6FFB1B9628B46873003BE9F8 /* CoreDataManager.swift */ = {isa = PBXFileReference; lastKnownFileType = sourcecode.swift; path = CoreDataManager.swift; sourceTree = "<group>"; };
/* End PBXFileReference section */

/* Begin PBXFrameworksBuildPhase section */
		6FFB1B7228B45F16003BE9F8 /* Frameworks */ = {
			isa = PBXFrameworksBuildPhase;
			buildActionMask = 2147483647;
			files = (
			);
			runOnlyForDeploymentPostprocessing = 0;
		};
/* End PBXFrameworksBuildPhase section */

/* Begin PBXGroup section */
		6FFB1B6C28B45F16003BE9F8 = {
			isa = PBXGroup;
			children = (
				6FFB1B7728B45F16003BE9F8 /* ToDoApp */,
				6FFB1B7628B45F16003BE9F8 /* Products */,
			);
			sourceTree = "<group>";
		};
		6FFB1B7628B45F16003BE9F8 /* Products */ = {
			isa = PBXGroup;
			children = (
				6FFB1B7528B45F16003BE9F8 /* ToDoApp.app */,
			);
			name = Products;
			sourceTree = "<group>";
		};
		6FFB1B7728B45F16003BE9F8 /* ToDoApp */ = {
			isa = PBXGroup;
			children = (
				6FFB1B7A28B45F16003BE9F8 /* SceneDelegate.swift */,
				6FFB1B7828B45F16003BE9F8 /* AppDelegate.swift */,
				6FFB1B9528B4676D003BE9F8 /* Extensions */,
				6FFB1B9428B461B3003BE9F8 /* Controllers */,
				6FFB1B7E28B45F16003BE9F8 /* Main.storyboard */,
				6FFB1B8428B45F18003BE9F8 /* Assets.xcassets */,
				6FFB1B8628B45F18003BE9F8 /* LaunchScreen.storyboard */,
				6FFB1B8928B45F18003BE9F8 /* Info.plist */,
				6FFB1B8128B45F16003BE9F8 /* ToDoApp.xcdatamodeld */,
				6FFB1B9328B46136003BE9F8 /* Models */,
			);
			path = ToDoApp;
			sourceTree = "<group>";
		};
		6FFB1B9328B46136003BE9F8 /* Models */ = {
			isa = PBXGroup;
			children = (
				6FFB1B9028B4603B003BE9F8 /* MemoData+CoreDataProperties.swift */,
				6FFB1B8F28B4603B003BE9F8 /* MemoData+CoreDataClass.swift */,
				6FFB1B9628B46873003BE9F8 /* CoreDataManager.swift */,
			);
			path = Models;
			sourceTree = "<group>";
		};
		6FFB1B9428B461B3003BE9F8 /* Controllers */ = {
			isa = PBXGroup;
			children = (
				6FFB1B7C28B45F16003BE9F8 /* MainViewController.swift */,
				6F8F69D328B61BA8003851BB /* ToDoCell.swift */,
				6F8F69CB28B60EDD003851BB /* DetailViewController.swift */,
			);
			path = Controllers;
			sourceTree = "<group>";
		};
		6FFB1B9528B4676D003BE9F8 /* Extensions */ = {
			isa = PBXGroup;
			children = (
			);
			path = Extensions;
			sourceTree = "<group>";
		};
/* End PBXGroup section */

/* Begin PBXNativeTarget section */
		6FFB1B7428B45F16003BE9F8 /* ToDoApp */ = {
			isa = PBXNativeTarget;
			buildConfigurationList = 6FFB1B8C28B45F18003BE9F8 /* Build configuration list for PBXNativeTarget "ToDoApp" */;
			buildPhases = (
				6FFB1B7128B45F16003BE9F8 /* Sources */,
				6FFB1B7228B45F16003BE9F8 /* Frameworks */,
				6FFB1B7328B45F16003BE9F8 /* Resources */,
			);
			buildRules = (
			);
			dependencies = (
			);
			name = ToDoApp;
			productName = ToDoApp;
			productReference = 6FFB1B7528B45F16003BE9F8 /* ToDoApp.app */;
			productType = "com.apple.product-type.application";
		};
/* End PBXNativeTarget section */

/* Begin PBXProject section */
		6FFB1B6D28B45F16003BE9F8 /* Project object */ = {
			isa = PBXProject;
			attributes = {
				BuildIndependentTargetsInParallel = 1;
				LastSwiftUpdateCheck = 1340;
				LastUpgradeCheck = 1340;
				TargetAttributes = {
					6FFB1B7428B45F16003BE9F8 = {
						CreatedOnToolsVersion = 13.4.1;
					};
				};
			};
			buildConfigurationList = 6FFB1B7028B45F16003BE9F8 /* Build configuration list for PBXProject "ToDoApp" */;
			compatibilityVersion = "Xcode 13.0";
			developmentRegion = en;
			hasScannedForEncodings = 0;
			knownRegions = (
				en,
				Base,
			);
			mainGroup = 6FFB1B6C28B45F16003BE9F8;
			productRefGroup = 6FFB1B7628B45F16003BE9F8 /* Products */;
			projectDirPath = "";
			projectRoot = "";
			targets = (
				6FFB1B7428B45F16003BE9F8 /* ToDoApp */,
			);
		};
/* End PBXProject section */

/* Begin PBXResourcesBuildPhase section */
		6FFB1B7328B45F16003BE9F8 /* Resources */ = {
			isa = PBXResourcesBuildPhase;
			buildActionMask = 2147483647;
			files = (
				6FFB1B8828B45F18003BE9F8 /* LaunchScreen.storyboard in Resources */,
				6FFB1B8528B45F18003BE9F8 /* Assets.xcassets in Resources */,
				6FFB1B8028B45F16003BE9F8 /* Main.storyboard in Resources */,
			);
			runOnlyForDeploymentPostprocessing = 0;
		};
/* End PBXResourcesBuildPhase section */

/* Begin PBXSourcesBuildPhase section */
		6FFB1B7128B45F16003BE9F8 /* Sources */ = {
			isa = PBXSourcesBuildPhase;
			buildActionMask = 2147483647;
			files = (
				6FFB1B9228B4603B003BE9F8 /* MemoData+CoreDataProperties.swift in Sources */,
				6FFB1B7D28B45F16003BE9F8 /* MainViewController.swift in Sources */,
				6FFB1B7928B45F16003BE9F8 /* AppDelegate.swift in Sources */,
				6FFB1B7B28B45F16003BE9F8 /* SceneDelegate.swift in Sources */,
				6FFB1B9128B4603B003BE9F8 /* MemoData+CoreDataClass.swift in Sources */,
				6FFB1B9728B46873003BE9F8 /* CoreDataManager.swift in Sources */,
				6FFB1B8328B45F16003BE9F8 /* ToDoApp.xcdatamodeld in Sources */,
				6F8F69D428B61BA8003851BB /* ToDoCell.swift in Sources */,
				6F8F69CC28B60EDD003851BB /* DetailViewController.swift in Sources */,
			);
			runOnlyForDeploymentPostprocessing = 0;
		};
/* End PBXSourcesBuildPhase section */

/* Begin PBXVariantGroup section */
		6FFB1B7E28B45F16003BE9F8 /* Main.storyboard */ = {
			isa = PBXVariantGroup;
			children = (
				6FFB1B7F28B45F16003BE9F8 /* Base */,
			);
			name = Main.storyboard;
			sourceTree = "<group>";
		};
		6FFB1B8628B45F18003BE9F8 /* LaunchScreen.storyboard */ = {
			isa = PBXVariantGroup;
			children = (
				6FFB1B8728B45F18003BE9F8 /* Base */,
			);
			name = LaunchScreen.storyboard;
			sourceTree = "<group>";
		};
/* End PBXVariantGroup section */

/* Begin XCBuildConfiguration section */
		6FFB1B8A28B45F18003BE9F8 /* Debug */ = {
			isa = XCBuildConfiguration;
			buildSettings = {
				ALWAYS_SEARCH_USER_PATHS = NO;
				CLANG_ANALYZER_NONNULL = YES;
				CLANG_ANALYZER_NUMBER_OBJECT_CONVERSION = YES_AGGRESSIVE;
				CLANG_CXX_LANGUAGE_STANDARD = "gnu++17";
				CLANG_ENABLE_MODULES = YES;
				CLANG_ENABLE_OBJC_ARC = YES;
				CLANG_ENABLE_OBJC_WEAK = YES;
				CLANG_WARN_BLOCK_CAPTURE_AUTORELEASING = YES;
				CLANG_WARN_BOOL_CONVERSION = YES;
				CLANG_WARN_COMMA = YES;
				CLANG_WARN_CONSTANT_CONVERSION = YES;
				CLANG_WARN_DEPRECATED_OBJC_IMPLEMENTATIONS = YES;
				CLANG_WARN_DIRECT_OBJC_ISA_USAGE = YES_ERROR;
				CLANG_WARN_DOCUMENTATION_COMMENTS = YES;
				CLANG_WARN_EMPTY_BODY = YES;
				CLANG_WARN_ENUM_CONVERSION = YES;
				CLANG_WARN_INFINITE_RECURSION = YES;
				CLANG_WARN_INT_CONVERSION = YES;
				CLANG_WARN_NON_LITERAL_NULL_CONVERSION = YES;
				CLANG_WARN_OBJC_IMPLICIT_RETAIN_SELF = YES;
				CLANG_WARN_OBJC_LITERAL_CONVERSION = YES;
				CLANG_WARN_OBJC_ROOT_CLASS = YES_ERROR;
				CLANG_WARN_QUOTED_INCLUDE_IN_FRAMEWORK_HEADER = YES;
				CLANG_WARN_RANGE_LOOP_ANALYSIS = YES;
				CLANG_WARN_STRICT_PROTOTYPES = YES;
				CLANG_WARN_SUSPICIOUS_MOVE = YES;
				CLANG_WARN_UNGUARDED_AVAILABILITY = YES_AGGRESSIVE;
				CLANG_WARN_UNREACHABLE_CODE = YES;
				CLANG_WARN__DUPLICATE_METHOD_MATCH = YES;
				COPY_PHASE_STRIP = NO;
				DEBUG_INFORMATION_FORMAT = dwarf;
				ENABLE_STRICT_OBJC_MSGSEND = YES;
				ENABLE_TESTABILITY = YES;
				GCC_C_LANGUAGE_STANDARD = gnu11;
				GCC_DYNAMIC_NO_PIC = NO;
				GCC_NO_COMMON_BLOCKS = YES;
				GCC_OPTIMIZATION_LEVEL = 0;
				GCC_PREPROCESSOR_DEFINITIONS = (
					"DEBUG=1",
					"$(inherited)",
				);
				GCC_WARN_64_TO_32_BIT_CONVERSION = YES;
				GCC_WARN_ABOUT_RETURN_TYPE = YES_ERROR;
				GCC_WARN_UNDECLARED_SELECTOR = YES;
				GCC_WARN_UNINITIALIZED_AUTOS = YES_AGGRESSIVE;
				GCC_WARN_UNUSED_FUNCTION = YES;
				GCC_WARN_UNUSED_VARIABLE = YES;
				IPHONEOS_DEPLOYMENT_TARGET = 15.5;
				MTL_ENABLE_DEBUG_INFO = INCLUDE_SOURCE;
				MTL_FAST_MATH = YES;
				ONLY_ACTIVE_ARCH = YES;
				SDKROOT = iphoneos;
				SWIFT_ACTIVE_COMPILATION_CONDITIONS = DEBUG;
				SWIFT_OPTIMIZATION_LEVEL = "-Onone";
			};
			name = Debug;
		};
		6FFB1B8B28B45F18003BE9F8 /* Release */ = {
			isa = XCBuildConfiguration;
			buildSettings = {
				ALWAYS_SEARCH_USER_PATHS = NO;
				CLANG_ANALYZER_NONNULL = YES;
				CLANG_ANALYZER_NUMBER_OBJECT_CONVERSION = YES_AGGRESSIVE;
				CLANG_CXX_LANGUAGE_STANDARD = "gnu++17";
				CLANG_ENABLE_MODULES = YES;
				CLANG_ENABLE_OBJC_ARC = YES;
				CLANG_ENABLE_OBJC_WEAK = YES;
				CLANG_WARN_BLOCK_CAPTURE_AUTORELEASING = YES;
				CLANG_WARN_BOOL_CONVERSION = YES;
				CLANG_WARN_COMMA = YES;
				CLANG_WARN_CONSTANT_CONVERSION = YES;
				CLANG_WARN_DEPRECATED_OBJC_IMPLEMENTATIONS = YES;
				CLANG_WARN_DIRECT_OBJC_ISA_USAGE = YES_ERROR;
				CLANG_WARN_DOCUMENTATION_COMMENTS = YES;
				CLANG_WARN_EMPTY_BODY = YES;
				CLANG_WARN_ENUM_CONVERSION = YES;
				CLANG_WARN_INFINITE_RECURSION = YES;
				CLANG_WARN_INT_CONVERSION = YES;
				CLANG_WARN_NON_LITERAL_NULL_CONVERSION = YES;
				CLANG_WARN_OBJC_IMPLICIT_RETAIN_SELF = YES;
				CLANG_WARN_OBJC_LITERAL_CONVERSION = YES;
				CLANG_WARN_OBJC_ROOT_CLASS = YES_ERROR;
				CLANG_WARN_QUOTED_INCLUDE_IN_FRAMEWORK_HEADER = YES;
				CLANG_WARN_RANGE_LOOP_ANALYSIS = YES;
				CLANG_WARN_STRICT_PROTOTYPES = YES;
				CLANG_WARN_SUSPICIOUS_MOVE = YES;
				CLANG_WARN_UNGUARDED_AVAILABILITY = YES_AGGRESSIVE;
				CLANG_WARN_UNREACHABLE_CODE = YES;
				CLANG_WARN__DUPLICATE_METHOD_MATCH = YES;
				COPY_PHASE_STRIP = NO;
				DEBUG_INFORMATION_FORMAT = "dwarf-with-dsym";
				ENABLE_NS_ASSERTIONS = NO;
				ENABLE_STRICT_OBJC_MSGSEND = YES;
				GCC_C_LANGUAGE_STANDARD = gnu11;
				GCC_NO_COMMON_BLOCKS = YES;
				GCC_WARN_64_TO_32_BIT_CONVERSION = YES;
				GCC_WARN_ABOUT_RETURN_TYPE = YES_ERROR;
				GCC_WARN_UNDECLARED_SELECTOR = YES;
				GCC_WARN_UNINITIALIZED_AUTOS = YES_AGGRESSIVE;
				GCC_WARN_UNUSED_FUNCTION = YES;
				GCC_WARN_UNUSED_VARIABLE = YES;
				IPHONEOS_DEPLOYMENT_TARGET = 15.5;
				MTL_ENABLE_DEBUG_INFO = NO;
				MTL_FAST_MATH = YES;
				SDKROOT = iphoneos;
				SWIFT_COMPILATION_MODE = wholemodule;
				SWIFT_OPTIMIZATION_LEVEL = "-O";
				VALIDATE_PRODUCT = YES;
			};
			name = Release;
		};
		6FFB1B8D28B45F18003BE9F8 /* Debug */ = {
			isa = XCBuildConfiguration;
			buildSettings = {
				ASSETCATALOG_COMPILER_APPICON_NAME = AppIcon;
				ASSETCATALOG_COMPILER_GLOBAL_ACCENT_COLOR_NAME = AccentColor;
				CODE_SIGN_STYLE = Automatic;
				CURRENT_PROJECT_VERSION = 1;
				DEVELOPMENT_TEAM = SHGYV4SY3X;
				GENERATE_INFOPLIST_FILE = YES;
				INFOPLIST_FILE = ToDoApp/Info.plist;
				INFOPLIST_KEY_UIApplicationSupportsIndirectInputEvents = YES;
				INFOPLIST_KEY_UILaunchStoryboardName = LaunchScreen;
				INFOPLIST_KEY_UIMainStoryboardFile = Main;
				INFOPLIST_KEY_UISupportedInterfaceOrientations_iPad = "UIInterfaceOrientationPortrait UIInterfaceOrientationPortraitUpsideDown UIInterfaceOrientationLandscapeLeft UIInterfaceOrientationLandscapeRight";
				INFOPLIST_KEY_UISupportedInterfaceOrientations_iPhone = "UIInterfaceOrientationPortrait UIInterfaceOrientationLandscapeLeft UIInterfaceOrientationLandscapeRight";
				LD_RUNPATH_SEARCH_PATHS = (
					"$(inherited)",
					"@executable_path/Frameworks",
				);
				MARKETING_VERSION = 1.0;
				PRODUCT_BUNDLE_IDENTIFIER = com.ootd.ToDoApp;
				PRODUCT_NAME = "$(TARGET_NAME)";
				SWIFT_EMIT_LOC_STRINGS = YES;
				SWIFT_VERSION = 5.0;
				TARGETED_DEVICE_FAMILY = "1,2";
			};
			name = Debug;
		};
		6FFB1B8E28B45F18003BE9F8 /* Release */ = {
			isa = XCBuildConfiguration;
			buildSettings = {
				ASSETCATALOG_COMPILER_APPICON_NAME = AppIcon;
				ASSETCATALOG_COMPILER_GLOBAL_ACCENT_COLOR_NAME = AccentColor;
				CODE_SIGN_STYLE = Automatic;
				CURRENT_PROJECT_VERSION = 1;
				DEVELOPMENT_TEAM = SHGYV4SY3X;
				GENERATE_INFOPLIST_FILE = YES;
				INFOPLIST_FILE = ToDoApp/Info.plist;
				INFOPLIST_KEY_UIApplicationSupportsIndirectInputEvents = YES;
				INFOPLIST_KEY_UILaunchStoryboardName = LaunchScreen;
				INFOPLIST_KEY_UIMainStoryboardFile = Main;
				INFOPLIST_KEY_UISupportedInterfaceOrientations_iPad = "UIInterfaceOrientationPortrait UIInterfaceOrientationPortraitUpsideDown UIInterfaceOrientationLandscapeLeft UIInterfaceOrientationLandscapeRight";
				INFOPLIST_KEY_UISupportedInterfaceOrientations_iPhone = "UIInterfaceOrientationPortrait UIInterfaceOrientationLandscapeLeft UIInterfaceOrientationLandscapeRight";
				LD_RUNPATH_SEARCH_PATHS = (
					"$(inherited)",
					"@executable_path/Frameworks",
				);
				MARKETING_VERSION = 1.0;
				PRODUCT_BUNDLE_IDENTIFIER = com.ootd.ToDoApp;
				PRODUCT_NAME = "$(TARGET_NAME)";
				SWIFT_EMIT_LOC_STRINGS = YES;
				SWIFT_VERSION = 5.0;
				TARGETED_DEVICE_FAMILY = "1,2";
			};
			name = Release;
		};
/* End XCBuildConfiguration section */

/* Begin XCConfigurationList section */
		6FFB1B7028B45F16003BE9F8 /* Build configuration list for PBXProject "ToDoApp" */ = {
			isa = XCConfigurationList;
			buildConfigurations = (
				6FFB1B8A28B45F18003BE9F8 /* Debug */,
				6FFB1B8B28B45F18003BE9F8 /* Release */,
			);
			defaultConfigurationIsVisible = 0;
			defaultConfigurationName = Release;
		};
		6FFB1B8C28B45F18003BE9F8 /* Build configuration list for PBXNativeTarget "ToDoApp" */ = {
			isa = XCConfigurationList;
			buildConfigurations = (
				6FFB1B8D28B45F18003BE9F8 /* Debug */,
				6FFB1B8E28B45F18003BE9F8 /* Release */,
			);
			defaultConfigurationIsVisible = 0;
			defaultConfigurationName = Release;
		};
/* End XCConfigurationList section */

/* Begin XCVersionGroup section */
		6FFB1B8128B45F16003BE9F8 /* ToDoApp.xcdatamodeld */ = {
			isa = XCVersionGroup;
			children = (
				6FFB1B8228B45F16003BE9F8 /* ToDoApp.xcdatamodel */,
			);
			currentVersion = 6FFB1B8228B45F16003BE9F8 /* ToDoApp.xcdatamodel */;
			path = ToDoApp.xcdatamodeld;
			sourceTree = "<group>";
			versionGroupType = wrapper.xcdatamodel;
		};
/* End XCVersionGroup section */
	};
	rootObject = 6FFB1B6D28B45F16003BE9F8 /* Project object */;
}
